// !$*UTF8*$!
{
	archiveVersion = 1;
	classes = {
	};
	objectVersion = 46;
	objects = {

/* Begin PBXBuildFile section */
		9716F9E81F0C29B80016B446 /* AppDelegate.swift in Sources */ = {isa = PBXBuildFile; fileRef = 9716F9E71F0C29B80016B446 /* AppDelegate.swift */; };
		9716F9EA1F0C29B80016B446 /* ViewController.swift in Sources */ = {isa = PBXBuildFile; fileRef = 9716F9E91F0C29B80016B446 /* ViewController.swift */; };
		9716F9ED1F0C29B80016B446 /* Main.storyboard in Resources */ = {isa = PBXBuildFile; fileRef = 9716F9EB1F0C29B80016B446 /* Main.storyboard */; };
		9716F9EF1F0C29B80016B446 /* Assets.xcassets in Resources */ = {isa = PBXBuildFile; fileRef = 9716F9EE1F0C29B80016B446 /* Assets.xcassets */; };
		9716F9F21F0C29B80016B446 /* LaunchScreen.storyboard in Resources */ = {isa = PBXBuildFile; fileRef = 9716F9F01F0C29B80016B446 /* LaunchScreen.storyboard */; };
		9716F9FE1F0C2BA80016B446 /* Alamofire.framework in Frameworks */ = {isa = PBXBuildFile; fileRef = 9716F9FD1F0C2BA80016B446 /* Alamofire.framework */; };
		9716FA001F0C33940016B446 /* Alamofire.framework in Resources */ = {isa = PBXBuildFile; fileRef = 9716F9FD1F0C2BA80016B446 /* Alamofire.framework */; };
		97F5110A1F1001CD00CFC958 /* Dog.swift in Sources */ = {isa = PBXBuildFile; fileRef = 97F511091F1001CD00CFC958 /* Dog.swift */; };
		97F5110C1F10040700CFC958 /* Server.swift in Sources */ = {isa = PBXBuildFile; fileRef = 97F5110B1F10040700CFC958 /* Server.swift */; };
		97F511111F1148B900CFC958 /* DogPresenter.swift in Sources */ = {isa = PBXBuildFile; fileRef = 97F511101F1148B900CFC958 /* DogPresenter.swift */; };
/* End PBXBuildFile section */

/* Begin PBXFileReference section */
		9716F9E41F0C29B80016B446 /* DesafioNodeJS.app */ = {isa = PBXFileReference; explicitFileType = wrapper.application; includeInIndex = 0; path = DesafioNodeJS.app; sourceTree = BUILT_PRODUCTS_DIR; };
		9716F9E71F0C29B80016B446 /* AppDelegate.swift */ = {isa = PBXFileReference; lastKnownFileType = sourcecode.swift; path = AppDelegate.swift; sourceTree = "<group>"; };
		9716F9E91F0C29B80016B446 /* ViewController.swift */ = {isa = PBXFileReference; lastKnownFileType = sourcecode.swift; path = ViewController.swift; sourceTree = "<group>"; };
		9716F9EC1F0C29B80016B446 /* Base */ = {isa = PBXFileReference; lastKnownFileType = file.storyboard; name = Base; path = Base.lproj/Main.storyboard; sourceTree = "<group>"; };
		9716F9EE1F0C29B80016B446 /* Assets.xcassets */ = {isa = PBXFileReference; lastKnownFileType = folder.assetcatalog; path = Assets.xcassets; sourceTree = "<group>"; };
		9716F9F11F0C29B80016B446 /* Base */ = {isa = PBXFileReference; lastKnownFileType = file.storyboard; name = Base; path = Base.lproj/LaunchScreen.storyboard; sourceTree = "<group>"; };
		9716F9F31F0C29B80016B446 /* Info.plist */ = {isa = PBXFileReference; lastKnownFileType = text.plist.xml; path = Info.plist; sourceTree = "<group>"; };
		9716F9FD1F0C2BA80016B446 /* Alamofire.framework */ = {isa = PBXFileReference; lastKnownFileType = wrapper.framework; name = Alamofire.framework; path = Carthage/Build/iOS/Alamofire.framework; sourceTree = "<group>"; };
		97F511091F1001CD00CFC958 /* Dog.swift */ = {isa = PBXFileReference; fileEncoding = 4; lastKnownFileType = sourcecode.swift; path = Dog.swift; sourceTree = "<group>"; };
		97F5110B1F10040700CFC958 /* Server.swift */ = {isa = PBXFileReference; fileEncoding = 4; lastKnownFileType = sourcecode.swift; path = Server.swift; sourceTree = "<group>"; };
		97F511101F1148B900CFC958 /* DogPresenter.swift */ = {isa = PBXFileReference; fileEncoding = 4; lastKnownFileType = sourcecode.swift; path = DogPresenter.swift; sourceTree = "<group>"; };
/* End PBXFileReference section */

/* Begin PBXFrameworksBuildPhase section */
		9716F9E11F0C29B80016B446 /* Frameworks */ = {
			isa = PBXFrameworksBuildPhase;
			buildActionMask = 2147483647;
			files = (
				9716F9FE1F0C2BA80016B446 /* Alamofire.framework in Frameworks */,
			);
			runOnlyForDeploymentPostprocessing = 0;
		};
/* End PBXFrameworksBuildPhase section */

/* Begin PBXGroup section */
		9716F9DB1F0C29B80016B446 = {
			isa = PBXGroup;
			children = (
				9716F9E61F0C29B80016B446 /* DesafioNodeJS */,
				9716F9E51F0C29B80016B446 /* Products */,
				9716F9FC1F0C2BA80016B446 /* Frameworks */,
			);
			sourceTree = "<group>";
		};
		9716F9E51F0C29B80016B446 /* Products */ = {
			isa = PBXGroup;
			children = (
				9716F9E41F0C29B80016B446 /* DesafioNodeJS.app */,
			);
			name = Products;
			sourceTree = "<group>";
		};
		9716F9E61F0C29B80016B446 /* DesafioNodeJS */ = {
			isa = PBXGroup;
			children = (
				97F5110F1F11487C00CFC958 /* View */,
				97F5110E1F11486A00CFC958 /* Presenter */,
				97F511081F1001B300CFC958 /* Model */,
				97F511071F10011D00CFC958 /* Server */,
				9716F9E71F0C29B80016B446 /* AppDelegate.swift */,
				9716F9EE1F0C29B80016B446 /* Assets.xcassets */,
				9716F9F31F0C29B80016B446 /* Info.plist */,
			);
			path = DesafioNodeJS;
			sourceTree = "<group>";
		};
		9716F9FC1F0C2BA80016B446 /* Frameworks */ = {
			isa = PBXGroup;
			children = (
				9716F9FD1F0C2BA80016B446 /* Alamofire.framework */,
			);
			name = Frameworks;
			sourceTree = "<group>";
		};
		97F511071F10011D00CFC958 /* Server */ = {
			isa = PBXGroup;
			children = (
				97F5110B1F10040700CFC958 /* Server.swift */,
			);
			name = Server;
			sourceTree = "<group>";
		};
		97F511081F1001B300CFC958 /* Model */ = {
			isa = PBXGroup;
			children = (
				97F511091F1001CD00CFC958 /* Dog.swift */,
			);
			name = Model;
			sourceTree = "<group>";
		};
		97F5110E1F11486A00CFC958 /* Presenter */ = {
			isa = PBXGroup;
			children = (
				97F511101F1148B900CFC958 /* DogPresenter.swift */,
			);
			name = Presenter;
			sourceTree = "<group>";
		};
		97F5110F1F11487C00CFC958 /* View */ = {
			isa = PBXGroup;
			children = (
				9716F9F01F0C29B80016B446 /* LaunchScreen.storyboard */,
				9716F9EB1F0C29B80016B446 /* Main.storyboard */,
				9716F9E91F0C29B80016B446 /* ViewController.swift */,
			);
			name = View;
			sourceTree = "<group>";
		};
/* End PBXGroup section */

/* Begin PBXNativeTarget section */
		9716F9E31F0C29B80016B446 /* DesafioNodeJS */ = {
			isa = PBXNativeTarget;
			buildConfigurationList = 9716F9F61F0C29B80016B446 /* Build configuration list for PBXNativeTarget "DesafioNodeJS" */;
			buildPhases = (
				9716F9E01F0C29B80016B446 /* Sources */,
				9716F9E11F0C29B80016B446 /* Frameworks */,
				9716F9E21F0C29B80016B446 /* Resources */,
				9716F9FF1F0C2C160016B446 /* Run Script - Carthage */,
			);
			buildRules = (
			);
			dependencies = (
			);
			name = DesafioNodeJS;
			productName = DesafioNodeJS;
			productReference = 9716F9E41F0C29B80016B446 /* DesafioNodeJS.app */;
			productType = "com.apple.product-type.application";
		};
/* End PBXNativeTarget section */

/* Begin PBXProject section */
		9716F9DC1F0C29B80016B446 /* Project object */ = {
			isa = PBXProject;
			attributes = {
				LastSwiftUpdateCheck = 0830;
				LastUpgradeCheck = 0830;
				ORGANIZATIONNAME = "Isaias Fernandes";
				TargetAttributes = {
					9716F9E31F0C29B80016B446 = {
						CreatedOnToolsVersion = 8.3.3;
						DevelopmentTeam = RT5RW3DL77;
						ProvisioningStyle = Automatic;
					};
				};
			};
			buildConfigurationList = 9716F9DF1F0C29B80016B446 /* Build configuration list for PBXProject "DesafioNodeJS" */;
			compatibilityVersion = "Xcode 3.2";
			developmentRegion = English;
			hasScannedForEncodings = 0;
			knownRegions = (
				en,
				Base,
			);
			mainGroup = 9716F9DB1F0C29B80016B446;
			productRefGroup = 9716F9E51F0C29B80016B446 /* Products */;
			projectDirPath = "";
			projectRoot = "";
			targets = (
				9716F9E31F0C29B80016B446 /* DesafioNodeJS */,
			);
		};
/* End PBXProject section */

/* Begin PBXResourcesBuildPhase section */
		9716F9E21F0C29B80016B446 /* Resources */ = {
			isa = PBXResourcesBuildPhase;
			buildActionMask = 2147483647;
			files = (
				9716FA001F0C33940016B446 /* Alamofire.framework in Resources */,
				9716F9F21F0C29B80016B446 /* LaunchScreen.storyboard in Resources */,
				9716F9EF1F0C29B80016B446 /* Assets.xcassets in Resources */,
				9716F9ED1F0C29B80016B446 /* Main.storyboard in Resources */,
			);
			runOnlyForDeploymentPostprocessing = 0;
		};
/* End PBXResourcesBuildPhase section */

/* Begin PBXShellScriptBuildPhase section */
		9716F9FF1F0C2C160016B446 /* Run Script - Carthage */ = {
			isa = PBXShellScriptBuildPhase;
			buildActionMask = 12;
			files = (
			);
			inputPaths = (
				"$(SRCROOT)/Carthage/Build/iOS/Alamofire.framework",
			);
			name = "Run Script - Carthage";
			outputPaths = (
			);
			runOnlyForDeploymentPostprocessing = 0;
			shellPath = /bin/sh;
			shellScript = "/usr/local/bin/carthage copy-frameworks";
		};
/* End PBXShellScriptBuildPhase section */

/* Begin PBXSourcesBuildPhase section */
		9716F9E01F0C29B80016B446 /* Sources */ = {
			isa = PBXSourcesBuildPhase;
			buildActionMask = 2147483647;
			files = (
				9716F9EA1F0C29B80016B446 /* ViewController.swift in Sources */,
				9716F9E81F0C29B80016B446 /* AppDelegate.swift in Sources */,
				97F5110C1F10040700CFC958 /* Server.swift in Sources */,
				97F511111F1148B900CFC958 /* DogPresenter.swift in Sources */,
				97F5110A1F1001CD00CFC958 /* Dog.swift in Sources */,
			);
			runOnlyForDeploymentPostprocessing = 0;
		};
/* End PBXSourcesBuildPhase section */

/* Begin PBXVariantGroup section */
		9716F9EB1F0C29B80016B446 /* Main.storyboard */ = {
			isa = PBXVariantGroup;
			children = (
				9716F9EC1F0C29B80016B446 /* Base */,
			);
			name = Main.storyboard;
			sourceTree = "<group>";
		};
		9716F9F01F0C29B80016B446 /* LaunchScreen.storyboard */ = {
			isa = PBXVariantGroup;
			children = (
				9716F9F11F0C29B80016B446 /* Base */,
			);
			name = LaunchScreen.storyboard;
			sourceTree = "<group>";
		};
/* End PBXVariantGroup section */

/* Begin XCBuildConfiguration section */
		9716F9F41F0C29B80016B446 /* Debug */ = {
			isa = XCBuildConfiguration;
			buildSettings = {
				ALWAYS_SEARCH_USER_PATHS = NO;
				CLANG_ANALYZER_NONNULL = YES;
				CLANG_ANALYZER_NUMBER_OBJECT_CONVERSION = YES_AGGRESSIVE;
				CLANG_CXX_LANGUAGE_STANDARD = "gnu++0x";
				CLANG_CXX_LIBRARY = "libc++";
				CLANG_ENABLE_MODULES = YES;
				CLANG_ENABLE_OBJC_ARC = YES;
				CLANG_WARN_BOOL_CONVERSION = YES;
				CLANG_WARN_CONSTANT_CONVERSION = YES;
				CLANG_WARN_DIRECT_OBJC_ISA_USAGE = YES_ERROR;
				CLANG_WARN_DOCUMENTATION_COMMENTS = YES;
				CLANG_WARN_EMPTY_BODY = YES;
				CLANG_WARN_ENUM_CONVERSION = YES;
				CLANG_WARN_INFINITE_RECURSION = YES;
				CLANG_WARN_INT_CONVERSION = YES;
				CLANG_WARN_OBJC_ROOT_CLASS = YES_ERROR;
				CLANG_WARN_SUSPICIOUS_MOVE = YES;
				CLANG_WARN_UNREACHABLE_CODE = YES;
				CLANG_WARN__DUPLICATE_METHOD_MATCH = YES;
				"CODE_SIGN_IDENTITY[sdk=iphoneos*]" = "iPhone Developer";
				COPY_PHASE_STRIP = NO;
				DEBUG_INFORMATION_FORMAT = dwarf;
				ENABLE_STRICT_OBJC_MSGSEND = YES;
				ENABLE_TESTABILITY = YES;
				GCC_C_LANGUAGE_STANDARD = gnu99;
				GCC_DYNAMIC_NO_PIC = NO;
				GCC_NO_COMMON_BLOCKS = YES;
				GCC_OPTIMIZATION_LEVEL = 0;
				GCC_PREPROCESSOR_DEFINITIONS = (
					"DEBUG=1",
					"$(inherited)",
				);
				GCC_WARN_64_TO_32_BIT_CONVERSION = YES;
				GCC_WARN_ABOUT_RETURN_TYPE = YES_ERROR;
				GCC_WARN_UNDECLARED_SELECTOR = YES;
				GCC_WARN_UNINITIALIZED_AUTOS = YES_AGGRESSIVE;
				GCC_WARN_UNUSED_FUNCTION = YES;
				GCC_WARN_UNUSED_VARIABLE = YES;
				IPHONEOS_DEPLOYMENT_TARGET = 10.3;
				MTL_ENABLE_DEBUG_INFO = YES;
				ONLY_ACTIVE_ARCH = YES;
				SDKROOT = iphoneos;
				SWIFT_ACTIVE_COMPILATION_CONDITIONS = DEBUG;
				SWIFT_OPTIMIZATION_LEVEL = "-Onone";
			};
			name = Debug;
		};
		9716F9F51F0C29B80016B446 /* Release */ = {
			isa = XCBuildConfiguration;
			buildSettings = {
				ALWAYS_SEARCH_USER_PATHS = NO;
				CLANG_ANALYZER_NONNULL = YES;
				CLANG_ANALYZER_NUMBER_OBJECT_CONVERSION = YES_AGGRESSIVE;
				CLANG_CXX_LANGUAGE_STANDARD = "gnu++0x";
				CLANG_CXX_LIBRARY = "libc++";
				CLANG_ENABLE_MODULES = YES;
				CLANG_ENABLE_OBJC_ARC = YES;
				CLANG_WARN_BOOL_CONVERSION = YES;
				CLANG_WARN_CONSTANT_CONVERSION = YES;
				CLANG_WARN_DIRECT_OBJC_ISA_USAGE = YES_ERROR;
				CLANG_WARN_DOCUMENTATION_COMMENTS = YES;
				CLANG_WARN_EMPTY_BODY = YES;
				CLANG_WARN_ENUM_CONVERSION = YES;
				CLANG_WARN_INFINITE_RECURSION = YES;
				CLANG_WARN_INT_CONVERSION = YES;
				CLANG_WARN_OBJC_ROOT_CLASS = YES_ERROR;
				CLANG_WARN_SUSPICIOUS_MOVE = YES;
				CLANG_WARN_UNREACHABLE_CODE = YES;
				CLANG_WARN__DUPLICATE_METHOD_MATCH = YES;
				"CODE_SIGN_IDENTITY[sdk=iphoneos*]" = "iPhone Developer";
				COPY_PHASE_STRIP = NO;
				DEBUG_INFORMATION_FORMAT = "dwarf-with-dsym";
				ENABLE_NS_ASSERTIONS = NO;
				ENABLE_STRICT_OBJC_MSGSEND = YES;
				GCC_C_LANGUAGE_STANDARD = gnu99;
				GCC_NO_COMMON_BLOCKS = YES;
				GCC_WARN_64_TO_32_BIT_CONVERSION = YES;
				GCC_WARN_ABOUT_RETURN_TYPE = YES_ERROR;
				GCC_WARN_UNDECLARED_SELECTOR = YES;
				GCC_WARN_UNINITIALIZED_AUTOS = YES_AGGRESSIVE;
				GCC_WARN_UNUSED_FUNCTION = YES;
				GCC_WARN_UNUSED_VARIABLE = YES;
				IPHONEOS_DEPLOYMENT_TARGET = 10.3;
				MTL_ENABLE_DEBUG_INFO = NO;
				SDKROOT = iphoneos;
				SWIFT_OPTIMIZATION_LEVEL = "-Owholemodule";
				VALIDATE_PRODUCT = YES;
			};
			name = Release;
		};
		9716F9F71F0C29B80016B446 /* Debug */ = {
			isa = XCBuildConfiguration;
			buildSettings = {
				ASSETCATALOG_COMPILER_APPICON_NAME = AppIcon;
				DEVELOPMENT_TEAM = RT5RW3DL77;
				FRAMEWORK_SEARCH_PATHS = (
					"$(inherited)",
					"$(PROJECT_DIR)/DesafioNodeJS",
					"$(PROJECT_DIR)/Carthage/Build/iOS",
				);
				INFOPLIST_FILE = DesafioNodeJS/Info.plist;
				LD_RUNPATH_SEARCH_PATHS = "$(inherited) @executable_path/Frameworks";
				PRODUCT_BUNDLE_IDENTIFIER = br.com.bepiducb.ifm.DesafioNodeJS;
				PRODUCT_NAME = "$(TARGET_NAME)";
				SWIFT_VERSION = 3.0;
			};
			name = Debug;
		};
		9716F9F81F0C29B80016B446 /* Release */ = {
			isa = XCBuildConfiguration;
			buildSettings = {
				ASSETCATALOG_COMPILER_APPICON_NAME = AppIcon;
				DEVELOPMENT_TEAM = RT5RW3DL77;
				FRAMEWORK_SEARCH_PATHS = (
					"$(inherited)",
					"$(PROJECT_DIR)/DesafioNodeJS",
					"$(PROJECT_DIR)/Carthage/Build/iOS",
				);
				INFOPLIST_FILE = DesafioNodeJS/Info.plist;
				LD_RUNPATH_SEARCH_PATHS = "$(inherited) @executable_path/Frameworks";
				PRODUCT_BUNDLE_IDENTIFIER = br.com.bepiducb.ifm.DesafioNodeJS;
				PRODUCT_NAME = "$(TARGET_NAME)";
				SWIFT_VERSION = 3.0;
			};
			name = Release;
		};
/* End XCBuildConfiguration section */

/* Begin XCConfigurationList section */
		9716F9DF1F0C29B80016B446 /* Build configuration list for PBXProject "DesafioNodeJS" */ = {
			isa = XCConfigurationList;
			buildConfigurations = (
				9716F9F41F0C29B80016B446 /* Debug */,
				9716F9F51F0C29B80016B446 /* Release */,
			);
			defaultConfigurationIsVisible = 0;
			defaultConfigurationName = Release;
		};
		9716F9F61F0C29B80016B446 /* Build configuration list for PBXNativeTarget "DesafioNodeJS" */ = {
			isa = XCConfigurationList;
			buildConfigurations = (
				9716F9F71F0C29B80016B446 /* Debug */,
				9716F9F81F0C29B80016B446 /* Release */,
			);
			defaultConfigurationIsVisible = 0;
			defaultConfigurationName = Release;
		};
/* End XCConfigurationList section */
	};
	rootObject = 9716F9DC1F0C29B80016B446 /* Project object */;
}
